PODS:
  - ChromaColorPicker (1.7.2)

DEPENDENCIES:
  - ChromaColorPicker

SPEC REPOS:
  https://github.com/cocoapods/specs.git:
    - ChromaColorPicker

SPEC CHECKSUMS:
  ChromaColorPicker: 78194fbae9f342d3781ac178c4d92c7652197d18

PODFILE CHECKSUM: 27d0f483cec47fc02276cec6f44ff1838e6dcd9d

COCOAPODS: 1.6.1
