// !$*UTF8*$!
{
	archiveVersion = 1;
	classes = {
	};
	objectVersion = 50;
	objects = {

/* Begin PBXBuildFile section */
		5E228C7DA77D2A0BE9CC8522 /* Pods_Sketchpad.framework in Frameworks */ = {isa = PBXBuildFile; fileRef = AB283142E422706CD0CE04F9 /* Pods_Sketchpad.framework */; };
		A71A923622ADC8B3005F2EBB /* AppDelegate.swift in Sources */ = {isa = PBXBuildFile; fileRef = A71A923522ADC8B3005F2EBB /* AppDelegate.swift */; };
		A71A923B22ADC8B3005F2EBB /* Main.storyboard in Resources */ = {isa = PBXBuildFile; fileRef = A71A923922ADC8B3005F2EBB /* Main.storyboard */; };
		A71A923E22ADC8B3005F2EBB /* Sketchpad.xcdatamodeld in Sources */ = {isa = PBXBuildFile; fileRef = A71A923C22ADC8B3005F2EBB /* Sketchpad.xcdatamodeld */; };
		A71A924022ADC8B9005F2EBB /* Assets.xcassets in Resources */ = {isa = PBXBuildFile; fileRef = A71A923F22ADC8B9005F2EBB /* Assets.xcassets */; };
		A71A924322ADC8B9005F2EBB /* LaunchScreen.storyboard in Resources */ = {isa = PBXBuildFile; fileRef = A71A924122ADC8B9005F2EBB /* LaunchScreen.storyboard */; };
		A71A924B22ADCEA0005F2EBB /* DrawingViewController.swift in Sources */ = {isa = PBXBuildFile; fileRef = A71A924A22ADCEA0005F2EBB /* DrawingViewController.swift */; };
/* End PBXBuildFile section */

/* Begin PBXFileReference section */
		3AD60A1BE7E9C49B4EE547CD /* Pods-Sketchpad.release.xcconfig */ = {isa = PBXFileReference; includeInIndex = 1; lastKnownFileType = text.xcconfig; name = "Pods-Sketchpad.release.xcconfig"; path = "Target Support Files/Pods-Sketchpad/Pods-Sketchpad.release.xcconfig"; sourceTree = "<group>"; };
		4997FF815215FF134DE04C4F /* Pods-Sketchpad.debug.xcconfig */ = {isa = PBXFileReference; includeInIndex = 1; lastKnownFileType = text.xcconfig; name = "Pods-Sketchpad.debug.xcconfig"; path = "Target Support Files/Pods-Sketchpad/Pods-Sketchpad.debug.xcconfig"; sourceTree = "<group>"; };
		A71A923222ADC8B2005F2EBB /* Sketchpad.app */ = {isa = PBXFileReference; explicitFileType = wrapper.application; includeInIndex = 0; path = Sketchpad.app; sourceTree = BUILT_PRODUCTS_DIR; };
		A71A923522ADC8B3005F2EBB /* AppDelegate.swift */ = {isa = PBXFileReference; lastKnownFileType = sourcecode.swift; path = AppDelegate.swift; sourceTree = "<group>"; };
		A71A923A22ADC8B3005F2EBB /* Base */ = {isa = PBXFileReference; lastKnownFileType = file.storyboard; name = Base; path = Base.lproj/Main.storyboard; sourceTree = "<group>"; };
		A71A923D22ADC8B3005F2EBB /* Sketchpad.xcdatamodel */ = {isa = PBXFileReference; lastKnownFileType = wrapper.xcdatamodel; path = Sketchpad.xcdatamodel; sourceTree = "<group>"; };
		A71A923F22ADC8B9005F2EBB /* Assets.xcassets */ = {isa = PBXFileReference; lastKnownFileType = folder.assetcatalog; path = Assets.xcassets; sourceTree = "<group>"; };
		A71A924222ADC8B9005F2EBB /* Base */ = {isa = PBXFileReference; lastKnownFileType = file.storyboard; name = Base; path = Base.lproj/LaunchScreen.storyboard; sourceTree = "<group>"; };
		A71A924422ADC8B9005F2EBB /* Info.plist */ = {isa = PBXFileReference; lastKnownFileType = text.plist.xml; path = Info.plist; sourceTree = "<group>"; };
		A71A924A22ADCEA0005F2EBB /* DrawingViewController.swift */ = {isa = PBXFileReference; lastKnownFileType = sourcecode.swift; path = DrawingViewController.swift; sourceTree = "<group>"; };
		AB283142E422706CD0CE04F9 /* Pods_Sketchpad.framework */ = {isa = PBXFileReference; explicitFileType = wrapper.framework; includeInIndex = 0; path = Pods_Sketchpad.framework; sourceTree = BUILT_PRODUCTS_DIR; };
/* End PBXFileReference section */

/* Begin PBXFrameworksBuildPhase section */
		A71A922F22ADC8B2005F2EBB /* Frameworks */ = {
			isa = PBXFrameworksBuildPhase;
			buildActionMask = 2147483647;
			files = (
				5E228C7DA77D2A0BE9CC8522 /* Pods_Sketchpad.framework in Frameworks */,
			);
			runOnlyForDeploymentPostprocessing = 0;
		};
/* End PBXFrameworksBuildPhase section */

/* Begin PBXGroup section */
		832575A2D78037C4182FF377 /* Frameworks */ = {
			isa = PBXGroup;
			children = (
				AB283142E422706CD0CE04F9 /* Pods_Sketchpad.framework */,
			);
			name = Frameworks;
			sourceTree = "<group>";
		};
		A71A922922ADC8B2005F2EBB = {
			isa = PBXGroup;
			children = (
				A71A923422ADC8B3005F2EBB /* Sketchpad */,
				A71A923322ADC8B2005F2EBB /* Products */,
				D1E77435930BB879582F1C4D /* Pods */,
				832575A2D78037C4182FF377 /* Frameworks */,
			);
			sourceTree = "<group>";
		};
		A71A923322ADC8B2005F2EBB /* Products */ = {
			isa = PBXGroup;
			children = (
				A71A923222ADC8B2005F2EBB /* Sketchpad.app */,
			);
			name = Products;
			sourceTree = "<group>";
		};
		A71A923422ADC8B3005F2EBB /* Sketchpad */ = {
			isa = PBXGroup;
			children = (
				A71A923522ADC8B3005F2EBB /* AppDelegate.swift */,
				A71A923922ADC8B3005F2EBB /* Main.storyboard */,
				A71A924A22ADCEA0005F2EBB /* DrawingViewController.swift */,
				A71A923F22ADC8B9005F2EBB /* Assets.xcassets */,
				A71A924122ADC8B9005F2EBB /* LaunchScreen.storyboard */,
				A71A924422ADC8B9005F2EBB /* Info.plist */,
				A71A923C22ADC8B3005F2EBB /* Sketchpad.xcdatamodeld */,
			);
			path = Sketchpad;
			sourceTree = "<group>";
		};
		D1E77435930BB879582F1C4D /* Pods */ = {
			isa = PBXGroup;
			children = (
				4997FF815215FF134DE04C4F /* Pods-Sketchpad.debug.xcconfig */,
				3AD60A1BE7E9C49B4EE547CD /* Pods-Sketchpad.release.xcconfig */,
			);
			name = Pods;
			path = Pods;
			sourceTree = "<group>";
		};
/* End PBXGroup section */

/* Begin PBXNativeTarget section */
		A71A923122ADC8B2005F2EBB /* Sketchpad */ = {
			isa = PBXNativeTarget;
			buildConfigurationList = A71A924722ADC8B9005F2EBB /* Build configuration list for PBXNativeTarget "Sketchpad" */;
			buildPhases = (
				8051F0AB81AFA4D80F80EC71 /* [CP] Check Pods Manifest.lock */,
				A71A922E22ADC8B2005F2EBB /* Sources */,
				A71A922F22ADC8B2005F2EBB /* Frameworks */,
				A71A923022ADC8B2005F2EBB /* Resources */,
				AEE9DD2A4F399524E58D2C1F /* [CP] Embed Pods Frameworks */,
			);
			buildRules = (
			);
			dependencies = (
			);
			name = Sketchpad;
			productName = Sketchpad;
			productReference = A71A923222ADC8B2005F2EBB /* Sketchpad.app */;
			productType = "com.apple.product-type.application";
		};
/* End PBXNativeTarget section */

/* Begin PBXProject section */
		A71A922A22ADC8B2005F2EBB /* Project object */ = {
			isa = PBXProject;
			attributes = {
				LastSwiftUpdateCheck = 1020;
				LastUpgradeCheck = 1020;
				ORGANIZATIONNAME = "Ricardo Hui";
				TargetAttributes = {
					A71A923122ADC8B2005F2EBB = {
						CreatedOnToolsVersion = 10.2.1;
					};
				};
			};
			buildConfigurationList = A71A922D22ADC8B2005F2EBB /* Build configuration list for PBXProject "Sketchpad" */;
			compatibilityVersion = "Xcode 9.3";
			developmentRegion = en;
			hasScannedForEncodings = 0;
			knownRegions = (
				en,
				Base,
			);
			mainGroup = A71A922922ADC8B2005F2EBB;
			productRefGroup = A71A923322ADC8B2005F2EBB /* Products */;
			projectDirPath = "";
			projectRoot = "";
			targets = (
				A71A923122ADC8B2005F2EBB /* Sketchpad */,
			);
		};
/* End PBXProject section */

/* Begin PBXResourcesBuildPhase section */
		A71A923022ADC8B2005F2EBB /* Resources */ = {
			isa = PBXResourcesBuildPhase;
			buildActionMask = 2147483647;
			files = (
				A71A924322ADC8B9005F2EBB /* LaunchScreen.storyboard in Resources */,
				A71A924022ADC8B9005F2EBB /* Assets.xcassets in Resources */,
				A71A923B22ADC8B3005F2EBB /* Main.storyboard in Resources */,
			);
			runOnlyForDeploymentPostprocessing = 0;
		};
/* End PBXResourcesBuildPhase section */

/* Begin PBXShellScriptBuildPhase section */
		8051F0AB81AFA4D80F80EC71 /* [CP] Check Pods Manifest.lock */ = {
			isa = PBXShellScriptBuildPhase;
			buildActionMask = 2147483647;
			files = (
			);
			inputFileListPaths = (
			);
			inputPaths = (
				"${PODS_PODFILE_DIR_PATH}/Podfile.lock",
				"${PODS_ROOT}/Manifest.lock",
			);
			name = "[CP] Check Pods Manifest.lock";
			outputFileListPaths = (
			);
			outputPaths = (
				"$(DERIVED_FILE_DIR)/Pods-Sketchpad-checkManifestLockResult.txt",
			);
			runOnlyForDeploymentPostprocessing = 0;
			shellPath = /bin/sh;
			shellScript = "diff \"${PODS_PODFILE_DIR_PATH}/Podfile.lock\" \"${PODS_ROOT}/Manifest.lock\" > /dev/null\nif [ $? != 0 ] ; then\n    # print error to STDERR\n    echo \"error: The sandbox is not in sync with the Podfile.lock. Run 'pod install' or update your CocoaPods installation.\" >&2\n    exit 1\nfi\n# This output is used by Xcode 'outputs' to avoid re-running this script phase.\necho \"SUCCESS\" > \"${SCRIPT_OUTPUT_FILE_0}\"\n";
			showEnvVarsInLog = 0;
		};
		AEE9DD2A4F399524E58D2C1F /* [CP] Embed Pods Frameworks */ = {
			isa = PBXShellScriptBuildPhase;
			buildActionMask = 2147483647;
			files = (
			);
			inputFileListPaths = (
			);
			inputPaths = (
				"${PODS_ROOT}/Target Support Files/Pods-Sketchpad/Pods-Sketchpad-frameworks.sh",
				"${BUILT_PRODUCTS_DIR}/ChromaColorPicker/ChromaColorPicker.framework",
			);
			name = "[CP] Embed Pods Frameworks";
			outputFileListPaths = (
			);
			outputPaths = (
				"${TARGET_BUILD_DIR}/${FRAMEWORKS_FOLDER_PATH}/ChromaColorPicker.framework",
			);
			runOnlyForDeploymentPostprocessing = 0;
			shellPath = /bin/sh;
			shellScript = "\"${PODS_ROOT}/Target Support Files/Pods-Sketchpad/Pods-Sketchpad-frameworks.sh\"\n";
			showEnvVarsInLog = 0;
		};
/* End PBXShellScriptBuildPhase section */

/* Begin PBXSourcesBuildPhase section */
		A71A922E22ADC8B2005F2EBB /* Sources */ = {
			isa = PBXSourcesBuildPhase;
			buildActionMask = 2147483647;
			files = (
				A71A923E22ADC8B3005F2EBB /* Sketchpad.xcdatamodeld in Sources */,
				A71A924B22ADCEA0005F2EBB /* DrawingViewController.swift in Sources */,
				A71A923622ADC8B3005F2EBB /* AppDelegate.swift in Sources */,
			);
			runOnlyForDeploymentPostprocessing = 0;
		};
/* End PBXSourcesBuildPhase section */

/* Begin PBXVariantGroup section */
		A71A923922ADC8B3005F2EBB /* Main.storyboard */ = {
			isa = PBXVariantGroup;
			children = (
				A71A923A22ADC8B3005F2EBB /* Base */,
			);
			name = Main.storyboard;
			sourceTree = "<group>";
		};
		A71A924122ADC8B9005F2EBB /* LaunchScreen.storyboard */ = {
			isa = PBXVariantGroup;
			children = (
				A71A924222ADC8B9005F2EBB /* Base */,
			);
			name = LaunchScreen.storyboard;
			sourceTree = "<group>";
		};
/* End PBXVariantGroup section */

/* Begin XCBuildConfiguration section */
		A71A924522ADC8B9005F2EBB /* Debug */ = {
			isa = XCBuildConfiguration;
			buildSettings = {
				ALWAYS_SEARCH_USER_PATHS = NO;
				CLANG_ANALYZER_NONNULL = YES;
				CLANG_ANALYZER_NUMBER_OBJECT_CONVERSION = YES_AGGRESSIVE;
				CLANG_CXX_LANGUAGE_STANDARD = "gnu++14";
				CLANG_CXX_LIBRARY = "libc++";
				CLANG_ENABLE_MODULES = YES;
				CLANG_ENABLE_OBJC_ARC = YES;
				CLANG_ENABLE_OBJC_WEAK = YES;
				CLANG_WARN_BLOCK_CAPTURE_AUTORELEASING = YES;
				CLANG_WARN_BOOL_CONVERSION = YES;
				CLANG_WARN_COMMA = YES;
				CLANG_WARN_CONSTANT_CONVERSION = YES;
				CLANG_WARN_DEPRECATED_OBJC_IMPLEMENTATIONS = YES;
				CLANG_WARN_DIRECT_OBJC_ISA_USAGE = YES_ERROR;
				CLANG_WARN_DOCUMENTATION_COMMENTS = YES;
				CLANG_WARN_EMPTY_BODY = YES;
				CLANG_WARN_ENUM_CONVERSION = YES;
				CLANG_WARN_INFINITE_RECURSION = YES;
				CLANG_WARN_INT_CONVERSION = YES;
				CLANG_WARN_NON_LITERAL_NULL_CONVERSION = YES;
				CLANG_WARN_OBJC_IMPLICIT_RETAIN_SELF = YES;
				CLANG_WARN_OBJC_LITERAL_CONVERSION = YES;
				CLANG_WARN_OBJC_ROOT_CLASS = YES_ERROR;
				CLANG_WARN_RANGE_LOOP_ANALYSIS = YES;
				CLANG_WARN_STRICT_PROTOTYPES = YES;
				CLANG_WARN_SUSPICIOUS_MOVE = YES;
				CLANG_WARN_UNGUARDED_AVAILABILITY = YES_AGGRESSIVE;
				CLANG_WARN_UNREACHABLE_CODE = YES;
				CLANG_WARN__DUPLICATE_METHOD_MATCH = YES;
				CODE_SIGN_IDENTITY = "iPhone Developer";
				COPY_PHASE_STRIP = NO;
				DEBUG_INFORMATION_FORMAT = dwarf;
				ENABLE_STRICT_OBJC_MSGSEND = YES;
				ENABLE_TESTABILITY = YES;
				GCC_C_LANGUAGE_STANDARD = gnu11;
				GCC_DYNAMIC_NO_PIC = NO;
				GCC_NO_COMMON_BLOCKS = YES;
				GCC_OPTIMIZATION_LEVEL = 0;
				GCC_PREPROCESSOR_DEFINITIONS = (
					"DEBUG=1",
					"$(inherited)",
				);
				GCC_WARN_64_TO_32_BIT_CONVERSION = YES;
				GCC_WARN_ABOUT_RETURN_TYPE = YES_ERROR;
				GCC_WARN_UNDECLARED_SELECTOR = YES;
				GCC_WARN_UNINITIALIZED_AUTOS = YES_AGGRESSIVE;
				GCC_WARN_UNUSED_FUNCTION = YES;
				GCC_WARN_UNUSED_VARIABLE = YES;
				IPHONEOS_DEPLOYMENT_TARGET = 12.2;
				MTL_ENABLE_DEBUG_INFO = INCLUDE_SOURCE;
				MTL_FAST_MATH = YES;
				ONLY_ACTIVE_ARCH = YES;
				SDKROOT = iphoneos;
				SWIFT_ACTIVE_COMPILATION_CONDITIONS = DEBUG;
				SWIFT_OPTIMIZATION_LEVEL = "-Onone";
			};
			name = Debug;
		};
		A71A924622ADC8B9005F2EBB /* Release */ = {
			isa = XCBuildConfiguration;
			buildSettings = {
				ALWAYS_SEARCH_USER_PATHS = NO;
				CLANG_ANALYZER_NONNULL = YES;
				CLANG_ANALYZER_NUMBER_OBJECT_CONVERSION = YES_AGGRESSIVE;
				CLANG_CXX_LANGUAGE_STANDARD = "gnu++14";
				CLANG_CXX_LIBRARY = "libc++";
				CLANG_ENABLE_MODULES = YES;
				CLANG_ENABLE_OBJC_ARC = YES;
				CLANG_ENABLE_OBJC_WEAK = YES;
				CLANG_WARN_BLOCK_CAPTURE_AUTORELEASING = YES;
				CLANG_WARN_BOOL_CONVERSION = YES;
				CLANG_WARN_COMMA = YES;
				CLANG_WARN_CONSTANT_CONVERSION = YES;
				CLANG_WARN_DEPRECATED_OBJC_IMPLEMENTATIONS = YES;
				CLANG_WARN_DIRECT_OBJC_ISA_USAGE = YES_ERROR;
				CLANG_WARN_DOCUMENTATION_COMMENTS = YES;
				CLANG_WARN_EMPTY_BODY = YES;
				CLANG_WARN_ENUM_CONVERSION = YES;
				CLANG_WARN_INFINITE_RECURSION = YES;
				CLANG_WARN_INT_CONVERSION = YES;
				CLANG_WARN_NON_LITERAL_NULL_CONVERSION = YES;
				CLANG_WARN_OBJC_IMPLICIT_RETAIN_SELF = YES;
				CLANG_WARN_OBJC_LITERAL_CONVERSION = YES;
				CLANG_WARN_OBJC_ROOT_CLASS = YES_ERROR;
				CLANG_WARN_RANGE_LOOP_ANALYSIS = YES;
				CLANG_WARN_STRICT_PROTOTYPES = YES;
				CLANG_WARN_SUSPICIOUS_MOVE = YES;
				CLANG_WARN_UNGUARDED_AVAILABILITY = YES_AGGRESSIVE;
				CLANG_WARN_UNREACHABLE_CODE = YES;
				CLANG_WARN__DUPLICATE_METHOD_MATCH = YES;
				CODE_SIGN_IDENTITY = "iPhone Developer";
				COPY_PHASE_STRIP = NO;
				DEBUG_INFORMATION_FORMAT = "dwarf-with-dsym";
				ENABLE_NS_ASSERTIONS = NO;
				ENABLE_STRICT_OBJC_MSGSEND = YES;
				GCC_C_LANGUAGE_STANDARD = gnu11;
				GCC_NO_COMMON_BLOCKS = YES;
				GCC_WARN_64_TO_32_BIT_CONVERSION = YES;
				GCC_WARN_ABOUT_RETURN_TYPE = YES_ERROR;
				GCC_WARN_UNDECLARED_SELECTOR = YES;
				GCC_WARN_UNINITIALIZED_AUTOS = YES_AGGRESSIVE;
				GCC_WARN_UNUSED_FUNCTION = YES;
				GCC_WARN_UNUSED_VARIABLE = YES;
				IPHONEOS_DEPLOYMENT_TARGET = 12.2;
				MTL_ENABLE_DEBUG_INFO = NO;
				MTL_FAST_MATH = YES;
				SDKROOT = iphoneos;
				SWIFT_COMPILATION_MODE = wholemodule;
				SWIFT_OPTIMIZATION_LEVEL = "-O";
				VALIDATE_PRODUCT = YES;
			};
			name = Release;
		};
		A71A924822ADC8B9005F2EBB /* Debug */ = {
			isa = XCBuildConfiguration;
			baseConfigurationReference = 4997FF815215FF134DE04C4F /* Pods-Sketchpad.debug.xcconfig */;
			buildSettings = {
				ASSETCATALOG_COMPILER_APPICON_NAME = AppIcon;
				CODE_SIGN_STYLE = Automatic;
				DEVELOPMENT_TEAM = L6682JJSD3;
				INFOPLIST_FILE = Sketchpad/Info.plist;
				LD_RUNPATH_SEARCH_PATHS = (
					"$(inherited)",
					"@executable_path/Frameworks",
				);
				PRODUCT_BUNDLE_IDENTIFIER = com.ricardohui.Sketchpad;
				PRODUCT_NAME = "$(TARGET_NAME)";
				SWIFT_VERSION = 5.0;
				TARGETED_DEVICE_FAMILY = "1,2";
			};
			name = Debug;
		};
		A71A924922ADC8B9005F2EBB /* Release */ = {
			isa = XCBuildConfiguration;
			baseConfigurationReference = 3AD60A1BE7E9C49B4EE547CD /* Pods-Sketchpad.release.xcconfig */;
			buildSettings = {
				ASSETCATALOG_COMPILER_APPICON_NAME = AppIcon;
				CODE_SIGN_STYLE = Automatic;
				DEVELOPMENT_TEAM = L6682JJSD3;
				INFOPLIST_FILE = Sketchpad/Info.plist;
				LD_RUNPATH_SEARCH_PATHS = (
					"$(inherited)",
					"@executable_path/Frameworks",
				);
				PRODUCT_BUNDLE_IDENTIFIER = com.ricardohui.Sketchpad;
				PRODUCT_NAME = "$(TARGET_NAME)";
				SWIFT_VERSION = 5.0;
				TARGETED_DEVICE_FAMILY = "1,2";
			};
			name = Release;
		};
/* End XCBuildConfiguration section */

/* Begin XCConfigurationList section */
		A71A922D22ADC8B2005F2EBB /* Build configuration list for PBXProject "Sketchpad" */ = {
			isa = XCConfigurationList;
			buildConfigurations = (
				A71A924522ADC8B9005F2EBB /* Debug */,
				A71A924622ADC8B9005F2EBB /* Release */,
			);
			defaultConfigurationIsVisible = 0;
			defaultConfigurationName = Release;
		};
		A71A924722ADC8B9005F2EBB /* Build configuration list for PBXNativeTarget "Sketchpad" */ = {
			isa = XCConfigurationList;
			buildConfigurations = (
				A71A924822ADC8B9005F2EBB /* Debug */,
				A71A924922ADC8B9005F2EBB /* Release */,
			);
			defaultConfigurationIsVisible = 0;
			defaultConfigurationName = Release;
		};
/* End XCConfigurationList section */

/* Begin XCVersionGroup section */
		A71A923C22ADC8B3005F2EBB /* Sketchpad.xcdatamodeld */ = {
			isa = XCVersionGroup;
			children = (
				A71A923D22ADC8B3005F2EBB /* Sketchpad.xcdatamodel */,
			);
			currentVersion = A71A923D22ADC8B3005F2EBB /* Sketchpad.xcdatamodel */;
			path = Sketchpad.xcdatamodeld;
			sourceTree = "<group>";
			versionGroupType = wrapper.xcdatamodel;
		};
/* End XCVersionGroup section */
	};
	rootObject = A71A922A22ADC8B2005F2EBB /* Project object */;
}
